
Microsoft Visual Studio Solution File, Format Version 12.00
# Visual Studio Version 16
VisualStudioVersion = 16.0.31112.23
MinimumVisualStudioVersion = 10.0.40219.1
Project("{2150E333-8FDC-42A3-9474-1A3956D46DE8}") = "Trackers", "Trackers", "{2C027033-ECA0-4415-8C95-CA88A4F211F3}"
EndProject
Project("{9A19103F-16F7-4668-BE54-9A1E7A4F7556}") = "EpicGamesTracker", "EpicGamesTracker\EpicGamesTracker.csproj", "{C84112A2-E672-4E72-90A1-C8D08C34101B}"
EndProject
Project("{2150E333-8FDC-42A3-9474-1A3956D46DE8}") = "Discord", "Discord", "{E327E526-6D18-4C16-B3AE-8F089977DF56}"
EndProject
Project("{2150E333-8FDC-42A3-9474-1A3956D46DE8}") = "DataAccessLayer", "DataAccessLayer", "{FB07F58A-7506-49D3-89DF-9B17C1CA02BE}"
EndProject
Project("{FAE04EC0-301F-11D3-BF4B-00C04F79EFBC}") = "DataAccessLayer", "DataAccessLayer\DataAccessLayer.csproj", "{9B9DABFE-4895-4D94-844D-D4520CD567EF}"
EndProject
Global
	GlobalSection(SolutionConfigurationPlatforms) = preSolution
		Debug|Any CPU = Debug|Any CPU
		Release|Any CPU = Release|Any CPU
	EndGlobalSection
	GlobalSection(ProjectConfigurationPlatforms) = postSolution
		{C84112A2-E672-4E72-90A1-C8D08C34101B}.Debug|Any CPU.ActiveCfg = Debug|Any CPU
		{C84112A2-E672-4E72-90A1-C8D08C34101B}.Debug|Any CPU.Build.0 = Debug|Any CPU
		{C84112A2-E672-4E72-90A1-C8D08C34101B}.Release|Any CPU.ActiveCfg = Release|Any CPU
		{C84112A2-E672-4E72-90A1-C8D08C34101B}.Release|Any CPU.Build.0 = Release|Any CPU
		{9B9DABFE-4895-4D94-844D-D4520CD567EF}.Debug|Any CPU.ActiveCfg = Debug|Any CPU
		{9B9DABFE-4895-4D94-844D-D4520CD567EF}.Debug|Any CPU.Build.0 = Debug|Any CPU
		{9B9DABFE-4895-4D94-844D-D4520CD567EF}.Release|Any CPU.ActiveCfg = Release|Any CPU
		{9B9DABFE-4895-4D94-844D-D4520CD567EF}.Release|Any CPU.Build.0 = Release|Any CPU
	EndGlobalSection
	GlobalSection(SolutionProperties) = preSolution
		HideSolutionNode = FALSE
	EndGlobalSection
	GlobalSection(NestedProjects) = preSolution
		{C84112A2-E672-4E72-90A1-C8D08C34101B} = {2C027033-ECA0-4415-8C95-CA88A4F211F3}
		{9B9DABFE-4895-4D94-844D-D4520CD567EF} = {FB07F58A-7506-49D3-89DF-9B17C1CA02BE}
	EndGlobalSection
	GlobalSection(ExtensibilityGlobals) = postSolution
		SolutionGuid = {D9362A91-C2DA-48A2-A22D-6770651F34C5}
	EndGlobalSection
EndGlobal
